
Microsoft Visual Studio Solution File, Format Version 12.00
# Visual Studio 15
VisualStudioVersion = 15.0.26430.15
MinimumVisualStudioVersion = 10.0.40219.1
Project("{FAE04EC0-301F-11D3-BF4B-00C04F79EFBC}") = "Mvc_Repositorio", "Mvc_Repositorio\Mvc_Repositorio.csproj", "{AAA2FA67-9172-47C1-8DEC-EFBCA861AA0A}"
EndProject
Project("{FAE04EC0-301F-11D3-BF4B-00C04F79EFBC}") = "Dominio", "Dominio\Dominio.csproj", "{6FFCC9DC-60E9-4903-90F8-1A3D8AB59090}"
EndProject
Global
	GlobalSection(SolutionConfigurationPlatforms) = preSolution
		Debug|Any CPU = Debug|Any CPU
		Release|Any CPU = Release|Any CPU
	EndGlobalSection
	GlobalSection(ProjectConfigurationPlatforms) = postSolution
		{AAA2FA67-9172-47C1-8DEC-EFBCA861AA0A}.Debug|Any CPU.ActiveCfg = Debug|Any CPU
		{AAA2FA67-9172-47C1-8DEC-EFBCA861AA0A}.Debug|Any CPU.Build.0 = Debug|Any CPU
		{AAA2FA67-9172-47C1-8DEC-EFBCA861AA0A}.Release|Any CPU.ActiveCfg = Release|Any CPU
		{AAA2FA67-9172-47C1-8DEC-EFBCA861AA0A}.Release|Any CPU.Build.0 = Release|Any CPU
		{6FFCC9DC-60E9-4903-90F8-1A3D8AB59090}.Debug|Any CPU.ActiveCfg = Debug|Any CPU
		{6FFCC9DC-60E9-4903-90F8-1A3D8AB59090}.Debug|Any CPU.Build.0 = Debug|Any CPU
		{6FFCC9DC-60E9-4903-90F8-1A3D8AB59090}.Release|Any CPU.ActiveCfg = Release|Any CPU
		{6FFCC9DC-60E9-4903-90F8-1A3D8AB59090}.Release|Any CPU.Build.0 = Release|Any CPU
	EndGlobalSection
	GlobalSection(SolutionProperties) = preSolution
		HideSolutionNode = FALSE
	EndGlobalSection
EndGlobal
